
Microsoft Visual Studio Solution File, Format Version 12.00
# Visual Studio Version 17
VisualStudioVersion = 17.14.36310.24 d17.14
MinimumVisualStudioVersion = 10.0.40219.1
Project("{FAE04EC0-301F-11D3-BF4B-00C04F79EFBC}") = "BTH2_DoanVietKhang_24520730", "BAI1_LAB2\BTH2_DoanVietKhang_24520730.csproj", "{CD8741BF-8813-4BB6-9D13-70D22727FDC3}"
EndProject
Global
	GlobalSection(SolutionConfigurationPlatforms) = preSolution
		Debug|Any CPU = Debug|Any CPU
		Release|Any CPU = Release|Any CPU
	EndGlobalSection
	GlobalSection(ProjectConfigurationPlatforms) = postSolution
		{CD8741BF-8813-4BB6-9D13-70D22727FDC3}.Debug|Any CPU.ActiveCfg = Debug|Any CPU
		{CD8741BF-8813-4BB6-9D13-70D22727FDC3}.Debug|Any CPU.Build.0 = Debug|Any CPU
		{CD8741BF-8813-4BB6-9D13-70D22727FDC3}.Release|Any CPU.ActiveCfg = Release|Any CPU
		{CD8741BF-8813-4BB6-9D13-70D22727FDC3}.Release|Any CPU.Build.0 = Release|Any CPU
	EndGlobalSection
	GlobalSection(SolutionProperties) = preSolution
		HideSolutionNode = FALSE
	EndGlobalSection
	GlobalSection(ExtensibilityGlobals) = postSolution
		SolutionGuid = {133503C4-0D44-4166-BFFA-6A6FB14C9764}
	EndGlobalSection
EndGlobal
